
Microsoft Visual Studio Solution File, Format Version 12.00
# Visual Studio Version 17
VisualStudioVersion = 17.0.31612.314
MinimumVisualStudioVersion = 10.0.40219.1
Project("{9A19103F-16F7-4668-BE54-9A1E7A4F7556}") = "TestPassModel", "TestPassModule\TestPassModel.csproj", "{97F7DC3B-ADF2-486F-A358-FB179CC3A91F}"
EndProject
Project("{9A19103F-16F7-4668-BE54-9A1E7A4F7556}") = "HttpServerTest", "HttpServerTest\HttpServerTest.csproj", "{9F4D3D8E-5609-4DC7-B04E-10BEBFC4074B}"
EndProject
Global
	GlobalSection(SolutionConfigurationPlatforms) = preSolution
		Debug|Any CPU = Debug|Any CPU
		Release|Any CPU = Release|Any CPU
	EndGlobalSection
	GlobalSection(ProjectConfigurationPlatforms) = postSolution
		{97F7DC3B-ADF2-486F-A358-FB179CC3A91F}.Debug|Any CPU.ActiveCfg = Debug|Any CPU
		{97F7DC3B-ADF2-486F-A358-FB179CC3A91F}.Debug|Any CPU.Build.0 = Debug|Any CPU
		{97F7DC3B-ADF2-486F-A358-FB179CC3A91F}.Release|Any CPU.ActiveCfg = Release|Any CPU
		{97F7DC3B-ADF2-486F-A358-FB179CC3A91F}.Release|Any CPU.Build.0 = Release|Any CPU
		{9F4D3D8E-5609-4DC7-B04E-10BEBFC4074B}.Debug|Any CPU.ActiveCfg = Debug|Any CPU
		{9F4D3D8E-5609-4DC7-B04E-10BEBFC4074B}.Debug|Any CPU.Build.0 = Debug|Any CPU
		{9F4D3D8E-5609-4DC7-B04E-10BEBFC4074B}.Release|Any CPU.ActiveCfg = Release|Any CPU
		{9F4D3D8E-5609-4DC7-B04E-10BEBFC4074B}.Release|Any CPU.Build.0 = Release|Any CPU
	EndGlobalSection
	GlobalSection(SolutionProperties) = preSolution
		HideSolutionNode = FALSE
	EndGlobalSection
	GlobalSection(ExtensibilityGlobals) = postSolution
		SolutionGuid = {51E02BE4-E33E-48C4-97C7-2BE25874AAB0}
	EndGlobalSection
EndGlobal
